// !$*UTF8*$!
{
	archiveVersion = 1;
	classes = {
	};
	objectVersion = 50;
	objects = {

/* Begin PBXBuildFile section */
		4E89FBFB215B6D69E0CDBC28 /* Pods_ErykIosCoreData.framework in Frameworks */ = {isa = PBXBuildFile; fileRef = AE6B1EB0CF248EEF1421294E /* Pods_ErykIosCoreData.framework */; };
		8E54470520CEE11B0016FD37 /* AppDelegate.swift in Sources */ = {isa = PBXBuildFile; fileRef = 8E54470420CEE11B0016FD37 /* AppDelegate.swift */; };
		8E54470720CEE11B0016FD37 /* ViewController.swift in Sources */ = {isa = PBXBuildFile; fileRef = 8E54470620CEE11B0016FD37 /* ViewController.swift */; };
		8E54470A20CEE11B0016FD37 /* Main.storyboard in Resources */ = {isa = PBXBuildFile; fileRef = 8E54470820CEE11B0016FD37 /* Main.storyboard */; };
		8E54470D20CEE11B0016FD37 /* ErykIosCoreData.xcdatamodeld in Sources */ = {isa = PBXBuildFile; fileRef = 8E54470B20CEE11B0016FD37 /* ErykIosCoreData.xcdatamodeld */; };
		8E54470F20CEE11D0016FD37 /* Assets.xcassets in Resources */ = {isa = PBXBuildFile; fileRef = 8E54470E20CEE11D0016FD37 /* Assets.xcassets */; };
		8E54471220CEE11D0016FD37 /* LaunchScreen.storyboard in Resources */ = {isa = PBXBuildFile; fileRef = 8E54471020CEE11D0016FD37 /* LaunchScreen.storyboard */; };
/* End PBXBuildFile section */

/* Begin PBXFileReference section */
		46282777A06939BB1BB38BC6 /* Pods-ErykIosCoreData.debug.xcconfig */ = {isa = PBXFileReference; includeInIndex = 1; lastKnownFileType = text.xcconfig; name = "Pods-ErykIosCoreData.debug.xcconfig"; path = "Pods/Target Support Files/Pods-ErykIosCoreData/Pods-ErykIosCoreData.debug.xcconfig"; sourceTree = "<group>"; };
		6F7868AB15D091BF80ADBDE4 /* Pods-ErykIosCoreData.release.xcconfig */ = {isa = PBXFileReference; includeInIndex = 1; lastKnownFileType = text.xcconfig; name = "Pods-ErykIosCoreData.release.xcconfig"; path = "Pods/Target Support Files/Pods-ErykIosCoreData/Pods-ErykIosCoreData.release.xcconfig"; sourceTree = "<group>"; };
		8E54470120CEE11B0016FD37 /* ErykIosCoreData.app */ = {isa = PBXFileReference; explicitFileType = wrapper.application; includeInIndex = 0; path = ErykIosCoreData.app; sourceTree = BUILT_PRODUCTS_DIR; };
		8E54470420CEE11B0016FD37 /* AppDelegate.swift */ = {isa = PBXFileReference; lastKnownFileType = sourcecode.swift; path = AppDelegate.swift; sourceTree = "<group>"; };
		8E54470620CEE11B0016FD37 /* ViewController.swift */ = {isa = PBXFileReference; lastKnownFileType = sourcecode.swift; path = ViewController.swift; sourceTree = "<group>"; };
		8E54470920CEE11B0016FD37 /* Base */ = {isa = PBXFileReference; lastKnownFileType = file.storyboard; name = Base; path = Base.lproj/Main.storyboard; sourceTree = "<group>"; };
		8E54470C20CEE11B0016FD37 /* ErykIosCoreData.xcdatamodel */ = {isa = PBXFileReference; lastKnownFileType = wrapper.xcdatamodel; path = ErykIosCoreData.xcdatamodel; sourceTree = "<group>"; };
		8E54470E20CEE11D0016FD37 /* Assets.xcassets */ = {isa = PBXFileReference; lastKnownFileType = folder.assetcatalog; path = Assets.xcassets; sourceTree = "<group>"; };
		8E54471120CEE11D0016FD37 /* Base */ = {isa = PBXFileReference; lastKnownFileType = file.storyboard; name = Base; path = Base.lproj/LaunchScreen.storyboard; sourceTree = "<group>"; };
		8E54471320CEE11D0016FD37 /* Info.plist */ = {isa = PBXFileReference; lastKnownFileType = text.plist.xml; path = Info.plist; sourceTree = "<group>"; };
		AE6B1EB0CF248EEF1421294E /* Pods_ErykIosCoreData.framework */ = {isa = PBXFileReference; explicitFileType = wrapper.framework; includeInIndex = 0; path = Pods_ErykIosCoreData.framework; sourceTree = BUILT_PRODUCTS_DIR; };
/* End PBXFileReference section */

/* Begin PBXFrameworksBuildPhase section */
		8E5446FE20CEE11B0016FD37 /* Frameworks */ = {
			isa = PBXFrameworksBuildPhase;
			buildActionMask = 2147483647;
			files = (
				4E89FBFB215B6D69E0CDBC28 /* Pods_ErykIosCoreData.framework in Frameworks */,
			);
			runOnlyForDeploymentPostprocessing = 0;
		};
/* End PBXFrameworksBuildPhase section */

/* Begin PBXGroup section */
		18E6D5AA5BA790C58B67A14B /* Pods */ = {
			isa = PBXGroup;
			children = (
				46282777A06939BB1BB38BC6 /* Pods-ErykIosCoreData.debug.xcconfig */,
				6F7868AB15D091BF80ADBDE4 /* Pods-ErykIosCoreData.release.xcconfig */,
			);
			name = Pods;
			sourceTree = "<group>";
		};
		8E5446F820CEE11B0016FD37 = {
			isa = PBXGroup;
			children = (
				8E54470320CEE11B0016FD37 /* ErykIosCoreData */,
				8E54470220CEE11B0016FD37 /* Products */,
				18E6D5AA5BA790C58B67A14B /* Pods */,
				91047BA6D057BF338279B153 /* Frameworks */,
			);
			sourceTree = "<group>";
		};
		8E54470220CEE11B0016FD37 /* Products */ = {
			isa = PBXGroup;
			children = (
				8E54470120CEE11B0016FD37 /* ErykIosCoreData.app */,
			);
			name = Products;
			sourceTree = "<group>";
		};
		8E54470320CEE11B0016FD37 /* ErykIosCoreData */ = {
			isa = PBXGroup;
			children = (
				8E54470420CEE11B0016FD37 /* AppDelegate.swift */,
				8E54470620CEE11B0016FD37 /* ViewController.swift */,
				8E54470820CEE11B0016FD37 /* Main.storyboard */,
				8E54470E20CEE11D0016FD37 /* Assets.xcassets */,
				8E54471020CEE11D0016FD37 /* LaunchScreen.storyboard */,
				8E54471320CEE11D0016FD37 /* Info.plist */,
				8E54470B20CEE11B0016FD37 /* ErykIosCoreData.xcdatamodeld */,
			);
			path = ErykIosCoreData;
			sourceTree = "<group>";
		};
		91047BA6D057BF338279B153 /* Frameworks */ = {
			isa = PBXGroup;
			children = (
				AE6B1EB0CF248EEF1421294E /* Pods_ErykIosCoreData.framework */,
			);
			name = Frameworks;
			sourceTree = "<group>";
		};
/* End PBXGroup section */

/* Begin PBXNativeTarget section */
		8E54470020CEE11B0016FD37 /* ErykIosCoreData */ = {
			isa = PBXNativeTarget;
			buildConfigurationList = 8E54471620CEE11D0016FD37 /* Build configuration list for PBXNativeTarget "ErykIosCoreData" */;
			buildPhases = (
				8BEA8DC190646ED94D5768C5 /* [CP] Check Pods Manifest.lock */,
				8E5446FD20CEE11B0016FD37 /* Sources */,
				8E5446FE20CEE11B0016FD37 /* Frameworks */,
				8E5446FF20CEE11B0016FD37 /* Resources */,
				A30C5EA243622FF47455AECC /* [CP] Embed Pods Frameworks */,
				7F552B21AFB26F723BFB13C3 /* [CP] Copy Pods Resources */,
			);
			buildRules = (
			);
			dependencies = (
			);
			name = ErykIosCoreData;
			productName = ErykIosCoreData;
			productReference = 8E54470120CEE11B0016FD37 /* ErykIosCoreData.app */;
			productType = "com.apple.product-type.application";
		};
/* End PBXNativeTarget section */

/* Begin PBXProject section */
		8E5446F920CEE11B0016FD37 /* Project object */ = {
			isa = PBXProject;
			attributes = {
				LastSwiftUpdateCheck = 0940;
				LastUpgradeCheck = 0940;
				ORGANIZATIONNAME = "Eryk Mariankowski";
				TargetAttributes = {
					8E54470020CEE11B0016FD37 = {
						CreatedOnToolsVersion = 9.4;
					};
				};
			};
			buildConfigurationList = 8E5446FC20CEE11B0016FD37 /* Build configuration list for PBXProject "ErykIosCoreData" */;
			compatibilityVersion = "Xcode 9.3";
			developmentRegion = en;
			hasScannedForEncodings = 0;
			knownRegions = (
				en,
				Base,
			);
			mainGroup = 8E5446F820CEE11B0016FD37;
			productRefGroup = 8E54470220CEE11B0016FD37 /* Products */;
			projectDirPath = "";
			projectRoot = "";
			targets = (
				8E54470020CEE11B0016FD37 /* ErykIosCoreData */,
			);
		};
/* End PBXProject section */

/* Begin PBXResourcesBuildPhase section */
		8E5446FF20CEE11B0016FD37 /* Resources */ = {
			isa = PBXResourcesBuildPhase;
			buildActionMask = 2147483647;
			files = (
				8E54471220CEE11D0016FD37 /* LaunchScreen.storyboard in Resources */,
				8E54470F20CEE11D0016FD37 /* Assets.xcassets in Resources */,
				8E54470A20CEE11B0016FD37 /* Main.storyboard in Resources */,
			);
			runOnlyForDeploymentPostprocessing = 0;
		};
/* End PBXResourcesBuildPhase section */

/* Begin PBXShellScriptBuildPhase section */
		7F552B21AFB26F723BFB13C3 /* [CP] Copy Pods Resources */ = {
			isa = PBXShellScriptBuildPhase;
			buildActionMask = 2147483647;
			files = (
			);
			inputPaths = (
			);
			name = "[CP] Copy Pods Resources";
			outputPaths = (
			);
			runOnlyForDeploymentPostprocessing = 0;
			shellPath = /bin/sh;
			shellScript = "\"${SRCROOT}/Pods/Target Support Files/Pods-ErykIosCoreData/Pods-ErykIosCoreData-resources.sh\"\n";
			showEnvVarsInLog = 0;
		};
		8BEA8DC190646ED94D5768C5 /* [CP] Check Pods Manifest.lock */ = {
			isa = PBXShellScriptBuildPhase;
			buildActionMask = 2147483647;
			files = (
			);
			inputPaths = (
				"${PODS_PODFILE_DIR_PATH}/Podfile.lock",
				"${PODS_ROOT}/Manifest.lock",
			);
			name = "[CP] Check Pods Manifest.lock";
			outputPaths = (
				"$(DERIVED_FILE_DIR)/Pods-ErykIosCoreData-checkManifestLockResult.txt",
			);
			runOnlyForDeploymentPostprocessing = 0;
			shellPath = /bin/sh;
			shellScript = "diff \"${PODS_PODFILE_DIR_PATH}/Podfile.lock\" \"${PODS_ROOT}/Manifest.lock\" > /dev/null\nif [ $? != 0 ] ; then\n    # print error to STDERR\n    echo \"error: The sandbox is not in sync with the Podfile.lock. Run 'pod install' or update your CocoaPods installation.\" >&2\n    exit 1\nfi\n# This output is used by Xcode 'outputs' to avoid re-running this script phase.\necho \"SUCCESS\" > \"${SCRIPT_OUTPUT_FILE_0}\"\n";
			showEnvVarsInLog = 0;
		};
		A30C5EA243622FF47455AECC /* [CP] Embed Pods Frameworks */ = {
			isa = PBXShellScriptBuildPhase;
			buildActionMask = 2147483647;
			files = (
			);
			inputPaths = (
			);
			name = "[CP] Embed Pods Frameworks";
			outputPaths = (
			);
			runOnlyForDeploymentPostprocessing = 0;
			shellPath = /bin/sh;
			shellScript = "\"${SRCROOT}/Pods/Target Support Files/Pods-ErykIosCoreData/Pods-ErykIosCoreData-frameworks.sh\"\n";
			showEnvVarsInLog = 0;
		};
/* End PBXShellScriptBuildPhase section */

/* Begin PBXSourcesBuildPhase section */
		8E5446FD20CEE11B0016FD37 /* Sources */ = {
			isa = PBXSourcesBuildPhase;
			buildActionMask = 2147483647;
			files = (
				8E54470720CEE11B0016FD37 /* ViewController.swift in Sources */,
				8E54470D20CEE11B0016FD37 /* ErykIosCoreData.xcdatamodeld in Sources */,
				8E54470520CEE11B0016FD37 /* AppDelegate.swift in Sources */,
			);
			runOnlyForDeploymentPostprocessing = 0;
		};
/* End PBXSourcesBuildPhase section */

/* Begin PBXVariantGroup section */
		8E54470820CEE11B0016FD37 /* Main.storyboard */ = {
			isa = PBXVariantGroup;
			children = (
				8E54470920CEE11B0016FD37 /* Base */,
			);
			name = Main.storyboard;
			sourceTree = "<group>";
		};
		8E54471020CEE11D0016FD37 /* LaunchScreen.storyboard */ = {
			isa = PBXVariantGroup;
			children = (
				8E54471120CEE11D0016FD37 /* Base */,
			);
			name = LaunchScreen.storyboard;
			sourceTree = "<group>";
		};
/* End PBXVariantGroup section */

/* Begin XCBuildConfiguration section */
		8E54471420CEE11D0016FD37 /* Debug */ = {
			isa = XCBuildConfiguration;
			buildSettings = {
				ALWAYS_SEARCH_USER_PATHS = NO;
				CLANG_ANALYZER_NONNULL = YES;
				CLANG_ANALYZER_NUMBER_OBJECT_CONVERSION = YES_AGGRESSIVE;
				CLANG_CXX_LANGUAGE_STANDARD = "gnu++14";
				CLANG_CXX_LIBRARY = "libc++";
				CLANG_ENABLE_MODULES = YES;
				CLANG_ENABLE_OBJC_ARC = YES;
				CLANG_ENABLE_OBJC_WEAK = YES;
				CLANG_WARN_BLOCK_CAPTURE_AUTORELEASING = YES;
				CLANG_WARN_BOOL_CONVERSION = YES;
				CLANG_WARN_COMMA = YES;
				CLANG_WARN_CONSTANT_CONVERSION = YES;
				CLANG_WARN_DEPRECATED_OBJC_IMPLEMENTATIONS = YES;
				CLANG_WARN_DIRECT_OBJC_ISA_USAGE = YES_ERROR;
				CLANG_WARN_DOCUMENTATION_COMMENTS = YES;
				CLANG_WARN_EMPTY_BODY = YES;
				CLANG_WARN_ENUM_CONVERSION = YES;
				CLANG_WARN_INFINITE_RECURSION = YES;
				CLANG_WARN_INT_CONVERSION = YES;
				CLANG_WARN_NON_LITERAL_NULL_CONVERSION = YES;
				CLANG_WARN_OBJC_IMPLICIT_RETAIN_SELF = YES;
				CLANG_WARN_OBJC_LITERAL_CONVERSION = YES;
				CLANG_WARN_OBJC_ROOT_CLASS = YES_ERROR;
				CLANG_WARN_RANGE_LOOP_ANALYSIS = YES;
				CLANG_WARN_STRICT_PROTOTYPES = YES;
				CLANG_WARN_SUSPICIOUS_MOVE = YES;
				CLANG_WARN_UNGUARDED_AVAILABILITY = YES_AGGRESSIVE;
				CLANG_WARN_UNREACHABLE_CODE = YES;
				CLANG_WARN__DUPLICATE_METHOD_MATCH = YES;
				CODE_SIGN_IDENTITY = "iPhone Developer";
				COPY_PHASE_STRIP = NO;
				DEBUG_INFORMATION_FORMAT = dwarf;
				ENABLE_STRICT_OBJC_MSGSEND = YES;
				ENABLE_TESTABILITY = YES;
				GCC_C_LANGUAGE_STANDARD = gnu11;
				GCC_DYNAMIC_NO_PIC = NO;
				GCC_NO_COMMON_BLOCKS = YES;
				GCC_OPTIMIZATION_LEVEL = 0;
				GCC_PREPROCESSOR_DEFINITIONS = (
					"DEBUG=1",
					"$(inherited)",
				);
				GCC_WARN_64_TO_32_BIT_CONVERSION = YES;
				GCC_WARN_ABOUT_RETURN_TYPE = YES_ERROR;
				GCC_WARN_UNDECLARED_SELECTOR = YES;
				GCC_WARN_UNINITIALIZED_AUTOS = YES_AGGRESSIVE;
				GCC_WARN_UNUSED_FUNCTION = YES;
				GCC_WARN_UNUSED_VARIABLE = YES;
				IPHONEOS_DEPLOYMENT_TARGET = 11.4;
				MTL_ENABLE_DEBUG_INFO = YES;
				ONLY_ACTIVE_ARCH = YES;
				SDKROOT = iphoneos;
				SWIFT_ACTIVE_COMPILATION_CONDITIONS = DEBUG;
				SWIFT_OPTIMIZATION_LEVEL = "-Onone";
			};
			name = Debug;
		};
		8E54471520CEE11D0016FD37 /* Release */ = {
			isa = XCBuildConfiguration;
			buildSettings = {
				ALWAYS_SEARCH_USER_PATHS = NO;
				CLANG_ANALYZER_NONNULL = YES;
				CLANG_ANALYZER_NUMBER_OBJECT_CONVERSION = YES_AGGRESSIVE;
				CLANG_CXX_LANGUAGE_STANDARD = "gnu++14";
				CLANG_CXX_LIBRARY = "libc++";
				CLANG_ENABLE_MODULES = YES;
				CLANG_ENABLE_OBJC_ARC = YES;
				CLANG_ENABLE_OBJC_WEAK = YES;
				CLANG_WARN_BLOCK_CAPTURE_AUTORELEASING = YES;
				CLANG_WARN_BOOL_CONVERSION = YES;
				CLANG_WARN_COMMA = YES;
				CLANG_WARN_CONSTANT_CONVERSION = YES;
				CLANG_WARN_DEPRECATED_OBJC_IMPLEMENTATIONS = YES;
				CLANG_WARN_DIRECT_OBJC_ISA_USAGE = YES_ERROR;
				CLANG_WARN_DOCUMENTATION_COMMENTS = YES;
				CLANG_WARN_EMPTY_BODY = YES;
				CLANG_WARN_ENUM_CONVERSION = YES;
				CLANG_WARN_INFINITE_RECURSION = YES;
				CLANG_WARN_INT_CONVERSION = YES;
				CLANG_WARN_NON_LITERAL_NULL_CONVERSION = YES;
				CLANG_WARN_OBJC_IMPLICIT_RETAIN_SELF = YES;
				CLANG_WARN_OBJC_LITERAL_CONVERSION = YES;
				CLANG_WARN_OBJC_ROOT_CLASS = YES_ERROR;
				CLANG_WARN_RANGE_LOOP_ANALYSIS = YES;
				CLANG_WARN_STRICT_PROTOTYPES = YES;
				CLANG_WARN_SUSPICIOUS_MOVE = YES;
				CLANG_WARN_UNGUARDED_AVAILABILITY = YES_AGGRESSIVE;
				CLANG_WARN_UNREACHABLE_CODE = YES;
				CLANG_WARN__DUPLICATE_METHOD_MATCH = YES;
				CODE_SIGN_IDENTITY = "iPhone Developer";
				COPY_PHASE_STRIP = NO;
				DEBUG_INFORMATION_FORMAT = "dwarf-with-dsym";
				ENABLE_NS_ASSERTIONS = NO;
				ENABLE_STRICT_OBJC_MSGSEND = YES;
				GCC_C_LANGUAGE_STANDARD = gnu11;
				GCC_NO_COMMON_BLOCKS = YES;
				GCC_WARN_64_TO_32_BIT_CONVERSION = YES;
				GCC_WARN_ABOUT_RETURN_TYPE = YES_ERROR;
				GCC_WARN_UNDECLARED_SELECTOR = YES;
				GCC_WARN_UNINITIALIZED_AUTOS = YES_AGGRESSIVE;
				GCC_WARN_UNUSED_FUNCTION = YES;
				GCC_WARN_UNUSED_VARIABLE = YES;
				IPHONEOS_DEPLOYMENT_TARGET = 11.4;
				MTL_ENABLE_DEBUG_INFO = NO;
				SDKROOT = iphoneos;
				SWIFT_COMPILATION_MODE = wholemodule;
				SWIFT_OPTIMIZATION_LEVEL = "-O";
				VALIDATE_PRODUCT = YES;
			};
			name = Release;
		};
		8E54471720CEE11D0016FD37 /* Debug */ = {
			isa = XCBuildConfiguration;
			baseConfigurationReference = 46282777A06939BB1BB38BC6 /* Pods-ErykIosCoreData.debug.xcconfig */;
			buildSettings = {
				ASSETCATALOG_COMPILER_APPICON_NAME = AppIcon;
				CODE_SIGN_STYLE = Automatic;
				DEVELOPMENT_TEAM = 28J8R24SUR;
				INFOPLIST_FILE = ErykIosCoreData/Info.plist;
				IPHONEOS_DEPLOYMENT_TARGET = 10.0;
				LD_RUNPATH_SEARCH_PATHS = (
					"$(inherited)",
					"@executable_path/Frameworks",
				);
				PRODUCT_BUNDLE_IDENTIFIER = pl.edu.amu.wmi.ErykIosCoreData;
				PRODUCT_NAME = "$(TARGET_NAME)";
				SWIFT_VERSION = 4.0;
				TARGETED_DEVICE_FAMILY = "1,2";
			};
			name = Debug;
		};
		8E54471820CEE11D0016FD37 /* Release */ = {
			isa = XCBuildConfiguration;
			baseConfigurationReference = 6F7868AB15D091BF80ADBDE4 /* Pods-ErykIosCoreData.release.xcconfig */;
			buildSettings = {
				ASSETCATALOG_COMPILER_APPICON_NAME = AppIcon;
				CODE_SIGN_STYLE = Automatic;
				DEVELOPMENT_TEAM = 28J8R24SUR;
				INFOPLIST_FILE = ErykIosCoreData/Info.plist;
				IPHONEOS_DEPLOYMENT_TARGET = 10.0;
				LD_RUNPATH_SEARCH_PATHS = (
					"$(inherited)",
					"@executable_path/Frameworks",
				);
				PRODUCT_BUNDLE_IDENTIFIER = pl.edu.amu.wmi.ErykIosCoreData;
				PRODUCT_NAME = "$(TARGET_NAME)";
				SWIFT_VERSION = 4.0;
				TARGETED_DEVICE_FAMILY = "1,2";
			};
			name = Release;
		};
/* End XCBuildConfiguration section */

/* Begin XCConfigurationList section */
		8E5446FC20CEE11B0016FD37 /* Build configuration list for PBXProject "ErykIosCoreData" */ = {
			isa = XCConfigurationList;
			buildConfigurations = (
				8E54471420CEE11D0016FD37 /* Debug */,
				8E54471520CEE11D0016FD37 /* Release */,
			);
			defaultConfigurationIsVisible = 0;
			defaultConfigurationName = Release;
		};
		8E54471620CEE11D0016FD37 /* Build configuration list for PBXNativeTarget "ErykIosCoreData" */ = {
			isa = XCConfigurationList;
			buildConfigurations = (
				8E54471720CEE11D0016FD37 /* Debug */,
				8E54471820CEE11D0016FD37 /* Release */,
			);
			defaultConfigurationIsVisible = 0;
			defaultConfigurationName = Release;
		};
/* End XCConfigurationList section */

/* Begin XCVersionGroup section */
		8E54470B20CEE11B0016FD37 /* ErykIosCoreData.xcdatamodeld */ = {
			isa = XCVersionGroup;
			children = (
				8E54470C20CEE11B0016FD37 /* ErykIosCoreData.xcdatamodel */,
			);
			currentVersion = 8E54470C20CEE11B0016FD37 /* ErykIosCoreData.xcdatamodel */;
			path = ErykIosCoreData.xcdatamodeld;
			sourceTree = "<group>";
			versionGroupType = wrapper.xcdatamodel;
		};
/* End XCVersionGroup section */
	};
	rootObject = 8E5446F920CEE11B0016FD37 /* Project object */;
}
